{
  "lockfileVersion": 1,
  "workspaces": {
    "": {
      "name": "@facile/facteur",
      "dependencies": {
        "nodemailer": "^6.9.0",
      },
      "devDependencies": {
        "@types/nodemailer": "^6.4.15",
        "typescript": "^5.8.0",
      },
    },
  },
  "packages": {
    "@types/node": ["@types/node@26.2.0", "", { "dependencies": { "undici-types": "~8.3.0" } }, "sha512-5IviulTZeRNp2vAJ514cc/HUlY5nZ9fCbq9DMyC52BrhFZACo3nI0R7qBxhQmo/d27NFe96ur/b7Wwxklda+kg=="],

    "@types/nodemailer": ["@types/nodemailer@6.4.24", "", { "dependencies": { "@types/node": "*" } }, "sha512-Ww4u0rT9wQNXh4JiQaIwx3QWdcOFXzOjQA2zc+jtFYNmQiT4mIUqcDin51bDFdkzKubFnQCZNK7FIHlPKQ/q9w=="],

    "nodemailer": ["nodemailer@6.10.1", "", {}, "sha512-Z+iLaBGVaSjbIzQ4pX6XV41HrooLsQ10ZWPUehGmuantvzWoDVBnmsdUcOIDM1t+yPor5pDhVlDESgOMEGxhHA=="],

    "typescript": ["typescript@5.9.3", "", { "bin": { "tsc": "bin/tsc", "tsserver": "bin/tsserver" } }, "sha512-jl1vZzPDinLr9eUt3J/t7V6FgNEw9QjvBPdysz9KfQDD41fQrC2Y4vKQdiaUpFT4bXlb1RHhLpp8wtm6M5TgSw=="],

    "undici-types": ["undici-types@8.3.0", "", {}, "sha512-j375ScV60dom+YkPFIfTLcOiPxkN/buHz5GobjLhixFuANaNs3C9l4GmrWqejgXWJ7BbJcFYpTEUkS1Ge8bpZQ=="],
  }
}
